
Microsoft Visual Studio Solution File, Format Version 12.00
# Visual Studio Version 17
VisualStudioVersion = 17.5.33516.290
MinimumVisualStudioVersion = 10.0.40219.1
Project("{FAE04EC0-301F-11D3-BF4B-00C04F79EFBC}") = "FileUploader", "FileUploader\FileUploader.csproj", "{67126FF2-3FA3-47CA-8500-C9E0671124B3}"
EndProject
Global
	GlobalSection(SolutionConfigurationPlatforms) = preSolution
		Debug|Any CPU = Debug|Any CPU
		Release|Any CPU = Release|Any CPU
	EndGlobalSection
	GlobalSection(ProjectConfigurationPlatforms) = postSolution
		{67126FF2-3FA3-47CA-8500-C9E0671124B3}.Debug|Any CPU.ActiveCfg = Debug|Any CPU
		{67126FF2-3FA3-47CA-8500-C9E0671124B3}.Debug|Any CPU.Build.0 = Debug|Any CPU
		{67126FF2-3FA3-47CA-8500-C9E0671124B3}.Release|Any CPU.ActiveCfg = Release|Any CPU
		{67126FF2-3FA3-47CA-8500-C9E0671124B3}.Release|Any CPU.Build.0 = Release|Any CPU
	EndGlobalSection
	GlobalSection(SolutionProperties) = preSolution
		HideSolutionNode = FALSE
	EndGlobalSection
	GlobalSection(ExtensibilityGlobals) = postSolution
		SolutionGuid = {A55179E2-1622-430C-9667-7855653793F9}
	EndGlobalSection
EndGlobal
